// !$*UTF8*$!
{
	archiveVersion = 1;
	classes = {
	};
	objectVersion = 50;
	objects = {

/* Begin PBXBuildFile section */
		8165833B256A38DA006EC60B /* ScreenEvent.swift in Sources */ = {isa = PBXBuildFile; fileRef = 8165832D256A38D9006EC60B /* ScreenEvent.swift */; };
		8165833C256A38DA006EC60B /* Event.swift in Sources */ = {isa = PBXBuildFile; fileRef = 8165832E256A38D9006EC60B /* Event.swift */; };
		8165833D256A38DA006EC60B /* MyAnalytics.swift in Sources */ = {isa = PBXBuildFile; fileRef = 8165832F256A38D9006EC60B /* MyAnalytics.swift */; };
		8165833E256A38DA006EC60B /* InteractionEvent.swift in Sources */ = {isa = PBXBuildFile; fileRef = 81658330256A38D9006EC60B /* InteractionEvent.swift */; };
		8165833F256A38DA006EC60B /* Tracker.swift in Sources */ = {isa = PBXBuildFile; fileRef = 81658331256A38D9006EC60B /* Tracker.swift */; };
		81658340256A38DA006EC60B /* TealiumTracker.swift in Sources */ = {isa = PBXBuildFile; fileRef = 81658332256A38D9006EC60B /* TealiumTracker.swift */; };
		81658341256A38DA006EC60B /* TrackerFactory.swift in Sources */ = {isa = PBXBuildFile; fileRef = 81658333256A38DA006EC60B /* TrackerFactory.swift */; };
		81658342256A38DA006EC60B /* HowToUseInteractionEvent.swift in Sources */ = {isa = PBXBuildFile; fileRef = 81658334256A38DA006EC60B /* HowToUseInteractionEvent.swift */; };
		81658343256A38DA006EC60B /* BaseEvent.swift in Sources */ = {isa = PBXBuildFile; fileRef = 81658335256A38DA006EC60B /* BaseEvent.swift */; };
		81658344256A38DA006EC60B /* UserInteractionEvent.swift in Sources */ = {isa = PBXBuildFile; fileRef = 81658336256A38DA006EC60B /* UserInteractionEvent.swift */; };
		81658345256A38DA006EC60B /* HowToUseScreenEvent.swift in Sources */ = {isa = PBXBuildFile; fileRef = 81658337256A38DA006EC60B /* HowToUseScreenEvent.swift */; };
		81658346256A38DA006EC60B /* FirebaseTracker.swift in Sources */ = {isa = PBXBuildFile; fileRef = 81658338256A38DA006EC60B /* FirebaseTracker.swift */; };
		81658347256A38DA006EC60B /* Analytics.swift in Sources */ = {isa = PBXBuildFile; fileRef = 81658339256A38DA006EC60B /* Analytics.swift */; };
		81658348256A38DA006EC60B /* TrackerType.swift in Sources */ = {isa = PBXBuildFile; fileRef = 8165833A256A38DA006EC60B /* TrackerType.swift */; };
		819295D8254E8B1A00813E05 /* AppDelegate.swift in Sources */ = {isa = PBXBuildFile; fileRef = 819295D7254E8B1A00813E05 /* AppDelegate.swift */; };
		819295DA254E8B1A00813E05 /* SceneDelegate.swift in Sources */ = {isa = PBXBuildFile; fileRef = 819295D9254E8B1A00813E05 /* SceneDelegate.swift */; };
		819295DC254E8B1A00813E05 /* ViewController.swift in Sources */ = {isa = PBXBuildFile; fileRef = 819295DB254E8B1A00813E05 /* ViewController.swift */; };
		819295DF254E8B1A00813E05 /* Main.storyboard in Resources */ = {isa = PBXBuildFile; fileRef = 819295DD254E8B1A00813E05 /* Main.storyboard */; };
		819295E1254E8B1C00813E05 /* Assets.xcassets in Resources */ = {isa = PBXBuildFile; fileRef = 819295E0254E8B1C00813E05 /* Assets.xcassets */; };
		819295E4254E8B1C00813E05 /* LaunchScreen.storyboard in Resources */ = {isa = PBXBuildFile; fileRef = 819295E2254E8B1C00813E05 /* LaunchScreen.storyboard */; };
/* End PBXBuildFile section */

/* Begin PBXFileReference section */
		8165832D256A38D9006EC60B /* ScreenEvent.swift */ = {isa = PBXFileReference; fileEncoding = 4; lastKnownFileType = sourcecode.swift; path = ScreenEvent.swift; sourceTree = "<group>"; };
		8165832E256A38D9006EC60B /* Event.swift */ = {isa = PBXFileReference; fileEncoding = 4; lastKnownFileType = sourcecode.swift; path = Event.swift; sourceTree = "<group>"; };
		8165832F256A38D9006EC60B /* MyAnalytics.swift */ = {isa = PBXFileReference; fileEncoding = 4; lastKnownFileType = sourcecode.swift; path = MyAnalytics.swift; sourceTree = "<group>"; };
		81658330256A38D9006EC60B /* InteractionEvent.swift */ = {isa = PBXFileReference; fileEncoding = 4; lastKnownFileType = sourcecode.swift; path = InteractionEvent.swift; sourceTree = "<group>"; };
		81658331256A38D9006EC60B /* Tracker.swift */ = {isa = PBXFileReference; fileEncoding = 4; lastKnownFileType = sourcecode.swift; path = Tracker.swift; sourceTree = "<group>"; };
		81658332256A38D9006EC60B /* TealiumTracker.swift */ = {isa = PBXFileReference; fileEncoding = 4; lastKnownFileType = sourcecode.swift; path = TealiumTracker.swift; sourceTree = "<group>"; };
		81658333256A38DA006EC60B /* TrackerFactory.swift */ = {isa = PBXFileReference; fileEncoding = 4; lastKnownFileType = sourcecode.swift; path = TrackerFactory.swift; sourceTree = "<group>"; };
		81658334256A38DA006EC60B /* HowToUseInteractionEvent.swift */ = {isa = PBXFileReference; fileEncoding = 4; lastKnownFileType = sourcecode.swift; path = HowToUseInteractionEvent.swift; sourceTree = "<group>"; };
		81658335256A38DA006EC60B /* BaseEvent.swift */ = {isa = PBXFileReference; fileEncoding = 4; lastKnownFileType = sourcecode.swift; path = BaseEvent.swift; sourceTree = "<group>"; };
		81658336256A38DA006EC60B /* UserInteractionEvent.swift */ = {isa = PBXFileReference; fileEncoding = 4; lastKnownFileType = sourcecode.swift; path = UserInteractionEvent.swift; sourceTree = "<group>"; };
		81658337256A38DA006EC60B /* HowToUseScreenEvent.swift */ = {isa = PBXFileReference; fileEncoding = 4; lastKnownFileType = sourcecode.swift; path = HowToUseScreenEvent.swift; sourceTree = "<group>"; };
		81658338256A38DA006EC60B /* FirebaseTracker.swift */ = {isa = PBXFileReference; fileEncoding = 4; lastKnownFileType = sourcecode.swift; path = FirebaseTracker.swift; sourceTree = "<group>"; };
		81658339256A38DA006EC60B /* Analytics.swift */ = {isa = PBXFileReference; fileEncoding = 4; lastKnownFileType = sourcecode.swift; path = Analytics.swift; sourceTree = "<group>"; };
		8165833A256A38DA006EC60B /* TrackerType.swift */ = {isa = PBXFileReference; fileEncoding = 4; lastKnownFileType = sourcecode.swift; path = TrackerType.swift; sourceTree = "<group>"; };
		819295D4254E8B1A00813E05 /* AnalyticsServiceArchitecture.app */ = {isa = PBXFileReference; explicitFileType = wrapper.application; includeInIndex = 0; path = AnalyticsServiceArchitecture.app; sourceTree = BUILT_PRODUCTS_DIR; };
		819295D7254E8B1A00813E05 /* AppDelegate.swift */ = {isa = PBXFileReference; lastKnownFileType = sourcecode.swift; path = AppDelegate.swift; sourceTree = "<group>"; };
		819295D9254E8B1A00813E05 /* SceneDelegate.swift */ = {isa = PBXFileReference; lastKnownFileType = sourcecode.swift; path = SceneDelegate.swift; sourceTree = "<group>"; };
		819295DB254E8B1A00813E05 /* ViewController.swift */ = {isa = PBXFileReference; lastKnownFileType = sourcecode.swift; path = ViewController.swift; sourceTree = "<group>"; };
		819295DE254E8B1A00813E05 /* Base */ = {isa = PBXFileReference; lastKnownFileType = file.storyboard; name = Base; path = Base.lproj/Main.storyboard; sourceTree = "<group>"; };
		819295E0254E8B1C00813E05 /* Assets.xcassets */ = {isa = PBXFileReference; lastKnownFileType = folder.assetcatalog; path = Assets.xcassets; sourceTree = "<group>"; };
		819295E3254E8B1C00813E05 /* Base */ = {isa = PBXFileReference; lastKnownFileType = file.storyboard; name = Base; path = Base.lproj/LaunchScreen.storyboard; sourceTree = "<group>"; };
		819295E5254E8B1C00813E05 /* Info.plist */ = {isa = PBXFileReference; lastKnownFileType = text.plist.xml; path = Info.plist; sourceTree = "<group>"; };
/* End PBXFileReference section */

/* Begin PBXFrameworksBuildPhase section */
		819295D1254E8B1900813E05 /* Frameworks */ = {
			isa = PBXFrameworksBuildPhase;
			buildActionMask = 2147483647;
			files = (
			);
			runOnlyForDeploymentPostprocessing = 0;
		};
/* End PBXFrameworksBuildPhase section */

/* Begin PBXGroup section */
		819295CB254E8B1900813E05 = {
			isa = PBXGroup;
			children = (
				819295D6254E8B1A00813E05 /* AnalyticsServiceArchitecture */,
				819295D5254E8B1A00813E05 /* Products */,
			);
			sourceTree = "<group>";
		};
		819295D5254E8B1A00813E05 /* Products */ = {
			isa = PBXGroup;
			children = (
				819295D4254E8B1A00813E05 /* AnalyticsServiceArchitecture.app */,
			);
			name = Products;
			sourceTree = "<group>";
		};
		819295D6254E8B1A00813E05 /* AnalyticsServiceArchitecture */ = {
			isa = PBXGroup;
			children = (
				819295EC254E8C7D00813E05 /* Analytics */,
				819295D7254E8B1A00813E05 /* AppDelegate.swift */,
				819295D9254E8B1A00813E05 /* SceneDelegate.swift */,
				819295DB254E8B1A00813E05 /* ViewController.swift */,
				819295DD254E8B1A00813E05 /* Main.storyboard */,
				819295E0254E8B1C00813E05 /* Assets.xcassets */,
				819295E2254E8B1C00813E05 /* LaunchScreen.storyboard */,
				819295E5254E8B1C00813E05 /* Info.plist */,
			);
			path = AnalyticsServiceArchitecture;
			sourceTree = "<group>";
		};
		819295EC254E8C7D00813E05 /* Analytics */ = {
			isa = PBXGroup;
			children = (
				81658339256A38DA006EC60B /* Analytics.swift */,
				81658335256A38DA006EC60B /* BaseEvent.swift */,
				8165832E256A38D9006EC60B /* Event.swift */,
				81658338256A38DA006EC60B /* FirebaseTracker.swift */,
				81658334256A38DA006EC60B /* HowToUseInteractionEvent.swift */,
				81658337256A38DA006EC60B /* HowToUseScreenEvent.swift */,
				81658330256A38D9006EC60B /* InteractionEvent.swift */,
				8165832F256A38D9006EC60B /* MyAnalytics.swift */,
				8165832D256A38D9006EC60B /* ScreenEvent.swift */,
				81658332256A38D9006EC60B /* TealiumTracker.swift */,
				81658331256A38D9006EC60B /* Tracker.swift */,
				81658333256A38DA006EC60B /* TrackerFactory.swift */,
				8165833A256A38DA006EC60B /* TrackerType.swift */,
				81658336256A38DA006EC60B /* UserInteractionEvent.swift */,
			);
			path = Analytics;
			sourceTree = "<group>";
		};
/* End PBXGroup section */

/* Begin PBXNativeTarget section */
		819295D3254E8B1900813E05 /* AnalyticsServiceArchitecture */ = {
			isa = PBXNativeTarget;
			buildConfigurationList = 819295E8254E8B1C00813E05 /* Build configuration list for PBXNativeTarget "AnalyticsServiceArchitecture" */;
			buildPhases = (
				819295D0254E8B1900813E05 /* Sources */,
				819295D1254E8B1900813E05 /* Frameworks */,
				819295D2254E8B1900813E05 /* Resources */,
			);
			buildRules = (
			);
			dependencies = (
			);
			name = AnalyticsServiceArchitecture;
			productName = AnalyticsServiceArchitecture;
			productReference = 819295D4254E8B1A00813E05 /* AnalyticsServiceArchitecture.app */;
			productType = "com.apple.product-type.application";
		};
/* End PBXNativeTarget section */

/* Begin PBXProject section */
		819295CC254E8B1900813E05 /* Project object */ = {
			isa = PBXProject;
			attributes = {
				LastSwiftUpdateCheck = 1200;
				LastUpgradeCheck = 1200;
				TargetAttributes = {
					819295D3254E8B1900813E05 = {
						CreatedOnToolsVersion = 12.0;
					};
				};
			};
			buildConfigurationList = 819295CF254E8B1900813E05 /* Build configuration list for PBXProject "AnalyticsServiceArchitecture" */;
			compatibilityVersion = "Xcode 9.3";
			developmentRegion = en;
			hasScannedForEncodings = 0;
			knownRegions = (
				en,
				Base,
			);
			mainGroup = 819295CB254E8B1900813E05;
			productRefGroup = 819295D5254E8B1A00813E05 /* Products */;
			projectDirPath = "";
			projectRoot = "";
			targets = (
				819295D3254E8B1900813E05 /* AnalyticsServiceArchitecture */,
			);
		};
/* End PBXProject section */

/* Begin PBXResourcesBuildPhase section */
		819295D2254E8B1900813E05 /* Resources */ = {
			isa = PBXResourcesBuildPhase;
			buildActionMask = 2147483647;
			files = (
				819295E4254E8B1C00813E05 /* LaunchScreen.storyboard in Resources */,
				819295E1254E8B1C00813E05 /* Assets.xcassets in Resources */,
				819295DF254E8B1A00813E05 /* Main.storyboard in Resources */,
			);
			runOnlyForDeploymentPostprocessing = 0;
		};
/* End PBXResourcesBuildPhase section */

/* Begin PBXSourcesBuildPhase section */
		819295D0254E8B1900813E05 /* Sources */ = {
			isa = PBXSourcesBuildPhase;
			buildActionMask = 2147483647;
			files = (
				8165833D256A38DA006EC60B /* MyAnalytics.swift in Sources */,
				81658342256A38DA006EC60B /* HowToUseInteractionEvent.swift in Sources */,
				81658347256A38DA006EC60B /* Analytics.swift in Sources */,
				81658348256A38DA006EC60B /* TrackerType.swift in Sources */,
				8165833E256A38DA006EC60B /* InteractionEvent.swift in Sources */,
				819295DC254E8B1A00813E05 /* ViewController.swift in Sources */,
				81658345256A38DA006EC60B /* HowToUseScreenEvent.swift in Sources */,
				81658340256A38DA006EC60B /* TealiumTracker.swift in Sources */,
				81658344256A38DA006EC60B /* UserInteractionEvent.swift in Sources */,
				819295D8254E8B1A00813E05 /* AppDelegate.swift in Sources */,
				8165833F256A38DA006EC60B /* Tracker.swift in Sources */,
				81658346256A38DA006EC60B /* FirebaseTracker.swift in Sources */,
				81658343256A38DA006EC60B /* BaseEvent.swift in Sources */,
				8165833B256A38DA006EC60B /* ScreenEvent.swift in Sources */,
				819295DA254E8B1A00813E05 /* SceneDelegate.swift in Sources */,
				8165833C256A38DA006EC60B /* Event.swift in Sources */,
				81658341256A38DA006EC60B /* TrackerFactory.swift in Sources */,
			);
			runOnlyForDeploymentPostprocessing = 0;
		};
/* End PBXSourcesBuildPhase section */

/* Begin PBXVariantGroup section */
		819295DD254E8B1A00813E05 /* Main.storyboard */ = {
			isa = PBXVariantGroup;
			children = (
				819295DE254E8B1A00813E05 /* Base */,
			);
			name = Main.storyboard;
			sourceTree = "<group>";
		};
		819295E2254E8B1C00813E05 /* LaunchScreen.storyboard */ = {
			isa = PBXVariantGroup;
			children = (
				819295E3254E8B1C00813E05 /* Base */,
			);
			name = LaunchScreen.storyboard;
			sourceTree = "<group>";
		};
/* End PBXVariantGroup section */

/* Begin XCBuildConfiguration section */
		819295E6254E8B1C00813E05 /* Debug */ = {
			isa = XCBuildConfiguration;
			buildSettings = {
				ALWAYS_SEARCH_USER_PATHS = NO;
				CLANG_ANALYZER_NONNULL = YES;
				CLANG_ANALYZER_NUMBER_OBJECT_CONVERSION = YES_AGGRESSIVE;
				CLANG_CXX_LANGUAGE_STANDARD = "gnu++14";
				CLANG_CXX_LIBRARY = "libc++";
				CLANG_ENABLE_MODULES = YES;
				CLANG_ENABLE_OBJC_ARC = YES;
				CLANG_ENABLE_OBJC_WEAK = YES;
				CLANG_WARN_BLOCK_CAPTURE_AUTORELEASING = YES;
				CLANG_WARN_BOOL_CONVERSION = YES;
				CLANG_WARN_COMMA = YES;
				CLANG_WARN_CONSTANT_CONVERSION = YES;
				CLANG_WARN_DEPRECATED_OBJC_IMPLEMENTATIONS = YES;
				CLANG_WARN_DIRECT_OBJC_ISA_USAGE = YES_ERROR;
				CLANG_WARN_DOCUMENTATION_COMMENTS = YES;
				CLANG_WARN_EMPTY_BODY = YES;
				CLANG_WARN_ENUM_CONVERSION = YES;
				CLANG_WARN_INFINITE_RECURSION = YES;
				CLANG_WARN_INT_CONVERSION = YES;
				CLANG_WARN_NON_LITERAL_NULL_CONVERSION = YES;
				CLANG_WARN_OBJC_IMPLICIT_RETAIN_SELF = YES;
				CLANG_WARN_OBJC_LITERAL_CONVERSION = YES;
				CLANG_WARN_OBJC_ROOT_CLASS = YES_ERROR;
				CLANG_WARN_QUOTED_INCLUDE_IN_FRAMEWORK_HEADER = YES;
				CLANG_WARN_RANGE_LOOP_ANALYSIS = YES;
				CLANG_WARN_STRICT_PROTOTYPES = YES;
				CLANG_WARN_SUSPICIOUS_MOVE = YES;
				CLANG_WARN_UNGUARDED_AVAILABILITY = YES_AGGRESSIVE;
				CLANG_WARN_UNREACHABLE_CODE = YES;
				CLANG_WARN__DUPLICATE_METHOD_MATCH = YES;
				COPY_PHASE_STRIP = NO;
				DEBUG_INFORMATION_FORMAT = dwarf;
				ENABLE_STRICT_OBJC_MSGSEND = YES;
				ENABLE_TESTABILITY = YES;
				GCC_C_LANGUAGE_STANDARD = gnu11;
				GCC_DYNAMIC_NO_PIC = NO;
				GCC_NO_COMMON_BLOCKS = YES;
				GCC_OPTIMIZATION_LEVEL = 0;
				GCC_PREPROCESSOR_DEFINITIONS = (
					"DEBUG=1",
					"$(inherited)",
				);
				GCC_WARN_64_TO_32_BIT_CONVERSION = YES;
				GCC_WARN_ABOUT_RETURN_TYPE = YES_ERROR;
				GCC_WARN_UNDECLARED_SELECTOR = YES;
				GCC_WARN_UNINITIALIZED_AUTOS = YES_AGGRESSIVE;
				GCC_WARN_UNUSED_FUNCTION = YES;
				GCC_WARN_UNUSED_VARIABLE = YES;
				IPHONEOS_DEPLOYMENT_TARGET = 14.0;
				MTL_ENABLE_DEBUG_INFO = INCLUDE_SOURCE;
				MTL_FAST_MATH = YES;
				ONLY_ACTIVE_ARCH = YES;
				SDKROOT = iphoneos;
				SWIFT_ACTIVE_COMPILATION_CONDITIONS = DEBUG;
				SWIFT_OPTIMIZATION_LEVEL = "-Onone";
			};
			name = Debug;
		};
		819295E7254E8B1C00813E05 /* Release */ = {
			isa = XCBuildConfiguration;
			buildSettings = {
				ALWAYS_SEARCH_USER_PATHS = NO;
				CLANG_ANALYZER_NONNULL = YES;
				CLANG_ANALYZER_NUMBER_OBJECT_CONVERSION = YES_AGGRESSIVE;
				CLANG_CXX_LANGUAGE_STANDARD = "gnu++14";
				CLANG_CXX_LIBRARY = "libc++";
				CLANG_ENABLE_MODULES = YES;
				CLANG_ENABLE_OBJC_ARC = YES;
				CLANG_ENABLE_OBJC_WEAK = YES;
				CLANG_WARN_BLOCK_CAPTURE_AUTORELEASING = YES;
				CLANG_WARN_BOOL_CONVERSION = YES;
				CLANG_WARN_COMMA = YES;
				CLANG_WARN_CONSTANT_CONVERSION = YES;
				CLANG_WARN_DEPRECATED_OBJC_IMPLEMENTATIONS = YES;
				CLANG_WARN_DIRECT_OBJC_ISA_USAGE = YES_ERROR;
				CLANG_WARN_DOCUMENTATION_COMMENTS = YES;
				CLANG_WARN_EMPTY_BODY = YES;
				CLANG_WARN_ENUM_CONVERSION = YES;
				CLANG_WARN_INFINITE_RECURSION = YES;
				CLANG_WARN_INT_CONVERSION = YES;
				CLANG_WARN_NON_LITERAL_NULL_CONVERSION = YES;
				CLANG_WARN_OBJC_IMPLICIT_RETAIN_SELF = YES;
				CLANG_WARN_OBJC_LITERAL_CONVERSION = YES;
				CLANG_WARN_OBJC_ROOT_CLASS = YES_ERROR;
				CLANG_WARN_QUOTED_INCLUDE_IN_FRAMEWORK_HEADER = YES;
				CLANG_WARN_RANGE_LOOP_ANALYSIS = YES;
				CLANG_WARN_STRICT_PROTOTYPES = YES;
				CLANG_WARN_SUSPICIOUS_MOVE = YES;
				CLANG_WARN_UNGUARDED_AVAILABILITY = YES_AGGRESSIVE;
				CLANG_WARN_UNREACHABLE_CODE = YES;
				CLANG_WARN__DUPLICATE_METHOD_MATCH = YES;
				COPY_PHASE_STRIP = NO;
				DEBUG_INFORMATION_FORMAT = "dwarf-with-dsym";
				ENABLE_NS_ASSERTIONS = NO;
				ENABLE_STRICT_OBJC_MSGSEND = YES;
				GCC_C_LANGUAGE_STANDARD = gnu11;
				GCC_NO_COMMON_BLOCKS = YES;
				GCC_WARN_64_TO_32_BIT_CONVERSION = YES;
				GCC_WARN_ABOUT_RETURN_TYPE = YES_ERROR;
				GCC_WARN_UNDECLARED_SELECTOR = YES;
				GCC_WARN_UNINITIALIZED_AUTOS = YES_AGGRESSIVE;
				GCC_WARN_UNUSED_FUNCTION = YES;
				GCC_WARN_UNUSED_VARIABLE = YES;
				IPHONEOS_DEPLOYMENT_TARGET = 14.0;
				MTL_ENABLE_DEBUG_INFO = NO;
				MTL_FAST_MATH = YES;
				SDKROOT = iphoneos;
				SWIFT_COMPILATION_MODE = wholemodule;
				SWIFT_OPTIMIZATION_LEVEL = "-O";
				VALIDATE_PRODUCT = YES;
			};
			name = Release;
		};
		819295E9254E8B1C00813E05 /* Debug */ = {
			isa = XCBuildConfiguration;
			buildSettings = {
				ASSETCATALOG_COMPILER_APPICON_NAME = AppIcon;
				ASSETCATALOG_COMPILER_GLOBAL_ACCENT_COLOR_NAME = AccentColor;
				CODE_SIGN_STYLE = Automatic;
				INFOPLIST_FILE = AnalyticsServiceArchitecture/Info.plist;
				LD_RUNPATH_SEARCH_PATHS = (
					"$(inherited)",
					"@executable_path/Frameworks",
				);
				PRODUCT_BUNDLE_IDENTIFIER = normanndot.AnalyticsServiceArchitecture;
				PRODUCT_NAME = "$(TARGET_NAME)";
				SWIFT_VERSION = 5.0;
				TARGETED_DEVICE_FAMILY = "1,2";
			};
			name = Debug;
		};
		819295EA254E8B1C00813E05 /* Release */ = {
			isa = XCBuildConfiguration;
			buildSettings = {
				ASSETCATALOG_COMPILER_APPICON_NAME = AppIcon;
				ASSETCATALOG_COMPILER_GLOBAL_ACCENT_COLOR_NAME = AccentColor;
				CODE_SIGN_STYLE = Automatic;
				INFOPLIST_FILE = AnalyticsServiceArchitecture/Info.plist;
				LD_RUNPATH_SEARCH_PATHS = (
					"$(inherited)",
					"@executable_path/Frameworks",
				);
				PRODUCT_BUNDLE_IDENTIFIER = normanndot.AnalyticsServiceArchitecture;
				PRODUCT_NAME = "$(TARGET_NAME)";
				SWIFT_VERSION = 5.0;
				TARGETED_DEVICE_FAMILY = "1,2";
			};
			name = Release;
		};
/* End XCBuildConfiguration section */

/* Begin XCConfigurationList section */
		819295CF254E8B1900813E05 /* Build configuration list for PBXProject "AnalyticsServiceArchitecture" */ = {
			isa = XCConfigurationList;
			buildConfigurations = (
				819295E6254E8B1C00813E05 /* Debug */,
				819295E7254E8B1C00813E05 /* Release */,
			);
			defaultConfigurationIsVisible = 0;
			defaultConfigurationName = Release;
		};
		819295E8254E8B1C00813E05 /* Build configuration list for PBXNativeTarget "AnalyticsServiceArchitecture" */ = {
			isa = XCConfigurationList;
			buildConfigurations = (
				819295E9254E8B1C00813E05 /* Debug */,
				819295EA254E8B1C00813E05 /* Release */,
			);
			defaultConfigurationIsVisible = 0;
			defaultConfigurationName = Release;
		};
/* End XCConfigurationList section */
	};
	rootObject = 819295CC254E8B1900813E05 /* Project object */;
}
